{
  "name": "dir",
  "version": "1.0.0",
  "lockfileVersion": 1,
  "requires": true,
  "dependencies": {
    "@types/googlemaps": {
      "version": "3.39.0",
      "resolved": "https://registry.npmjs.org/@types/googlemaps/-/googlemaps-3.39.0.tgz",
      "integrity": "sha512-SiD5JrB5wkA2JvkP7Tn3D+L4F50QXtnQI+J6Y/HnDhfyp0vlB6tNz14BuOOXV1rwP2vnTwE1uqNjfaKXCmuHDg=="
    },
    "web-google-maps": {
      "version": "1.0.1",
      "resolved": "https://registry.npmjs.org/web-google-maps/-/web-google-maps-1.0.1.tgz",
      "integrity": "sha512-/Ckdm0VRaS89pNQYidRb76L2X3Cp0imePrrZF3bfT2FgiEFUMxmUXIHITgDWt3UOTrNArILsVuGavf1/zT/xqg==",
      "requires": {
        "@types/googlemaps": "^3.30.16"
      }
    }
  }
}
